# This file is autogenerated, do not edit; changes may be undone by the next 'dep ensure'.


[[projects]]
  name = "github.com/99designs/gqlgen"
  packages = ["cmd","codegen","codegen/templates","complexity","graphql","graphql/introspection","handler","internal/gopath","internal/imports"]
  revision = "3a7f37c7e22a8fedce430c4d340ad5c1351198f4"
  version = "v0.7.1"

[[projects]]
  name = "github.com/agnivade/levenshtein"
  packages = ["."]
  revision = "834b435c3df04fba060c8d74a40d849ab2c4a090"
  version = "v1.0.1"

[[projects]]
  name = "github.com/gorilla/websocket"
  packages = ["."]
  revision = "66b9c49e59c6c48f0ffce28c2d8b8a5678502c6d"
  version = "v1.4.0"

[[projects]]
  name = "github.com/hashicorp/golang-lru"
  packages = [".","simplelru"]
  revision = "20f1fb78b0740ba8c3cb143a61e86ba5c8669768"
  version = "v0.5.0"

[[projects]]
  name = "github.com/pkg/errors"
  packages = ["."]
  revision = "645ef00459ed84a119197bfb8d8205042c6df63d"
  version = "v0.8.0"

[[projects]]
  name = "github.com/urfave/cli"
  packages = ["."]
  revision = "cfb38830724cc34fedffe9a2a29fb54fa9169cd1"
  version = "v1.20.0"

[[projects]]
  name = "github.com/vektah/gqlparser"
  packages = [".","ast","gqlerror","lexer","parser","validator","validator/rules"]
  revision = "e805d08bb209b1accdea76bd2327811858d81985"
  version = "v1.0.0"

[[projects]]
  branch = "master"
  name = "golang.org/x/tools"
  packages = ["go/ast/astutil","go/buildutil","go/gcexportdata","go/internal/cgo","go/internal/gcimporter","go/internal/packagesdriver","go/loader","go/packages","go/types/typeutil","imports","internal/fastwalk","internal/gopathwalk","internal/semver"]
  revision = "d00ac6d27372a4273825635281f2dc360d4be563"

[[projects]]
  name = "gopkg.in/yaml.v2"
  packages = ["."]
  revision = "51d6538a90f86fe93ac480b35f37b2be17fef232"
  version = "v2.2.2"

[solve-meta]
  analyzer-name = "dep"
  analyzer-version = 1
  inputs-digest = "a07cea7a31d4be9be3febb9f9892a94a31692a4638a2700b119d6fd573528526"
  solver-name = "gps-cdcl"
  solver-version = 1
